
Microsoft Visual Studio Solution File, Format Version 12.00
# Visual Studio 15
VisualStudioVersion = 15.0.28010.2026
MinimumVisualStudioVersion = 10.0.40219.1
Project("{9A19103F-16F7-4668-BE54-9A1E7A4F7556}") = "MusicStore", "MusicStore\MusicStore.csproj", "{4035D81B-62CA-4852-AA3F-2B7CA44EC3DC}"
EndProject
Project("{9A19103F-16F7-4668-BE54-9A1E7A4F7556}") = "MusicStore.Models", "MusicStore.Models\MusicStore.Models.csproj", "{C8921005-99EB-468C-91B4-7C16523BEAFA}"
EndProject
Project("{9A19103F-16F7-4668-BE54-9A1E7A4F7556}") = "MusicStore.Data", "MusicStore.Data\MusicStore.Data.csproj", "{371E2FF4-3FB7-41D2-88F3-6F06C4C6266A}"
EndProject
Project("{9A19103F-16F7-4668-BE54-9A1E7A4F7556}") = "MusicStore.Services", "MusicStore.Services\MusicStore.Services.csproj", "{230E123E-4A7B-4390-B122-6B808E276757}"
EndProject
Project("{9A19103F-16F7-4668-BE54-9A1E7A4F7556}") = "MusicStore.ViewModels", "MusicStore.ViewModels\MusicStore.ViewModels.csproj", "{41FCCABE-9CDD-4AC9-9042-3F0F0C6272F2}"
EndProject
Project("{FAE04EC0-301F-11D3-BF4B-00C04F79EFBC}") = "MusicStore.CustomDataAnnotations", "MusicStore.CustomDataAnnotations\MusicStore.CustomDataAnnotations.csproj", "{A879C8D0-B5E1-462D-A647-1F6FDA458842}"
EndProject
Global
	GlobalSection(SolutionConfigurationPlatforms) = preSolution
		Debug|Any CPU = Debug|Any CPU
		Release|Any CPU = Release|Any CPU
	EndGlobalSection
	GlobalSection(ProjectConfigurationPlatforms) = postSolution
		{4035D81B-62CA-4852-AA3F-2B7CA44EC3DC}.Debug|Any CPU.ActiveCfg = Debug|Any CPU
		{4035D81B-62CA-4852-AA3F-2B7CA44EC3DC}.Debug|Any CPU.Build.0 = Debug|Any CPU
		{4035D81B-62CA-4852-AA3F-2B7CA44EC3DC}.Release|Any CPU.ActiveCfg = Release|Any CPU
		{4035D81B-62CA-4852-AA3F-2B7CA44EC3DC}.Release|Any CPU.Build.0 = Release|Any CPU
		{C8921005-99EB-468C-91B4-7C16523BEAFA}.Debug|Any CPU.ActiveCfg = Debug|Any CPU
		{C8921005-99EB-468C-91B4-7C16523BEAFA}.Debug|Any CPU.Build.0 = Debug|Any CPU
		{C8921005-99EB-468C-91B4-7C16523BEAFA}.Release|Any CPU.ActiveCfg = Release|Any CPU
		{C8921005-99EB-468C-91B4-7C16523BEAFA}.Release|Any CPU.Build.0 = Release|Any CPU
		{371E2FF4-3FB7-41D2-88F3-6F06C4C6266A}.Debug|Any CPU.ActiveCfg = Debug|Any CPU
		{371E2FF4-3FB7-41D2-88F3-6F06C4C6266A}.Debug|Any CPU.Build.0 = Debug|Any CPU
		{371E2FF4-3FB7-41D2-88F3-6F06C4C6266A}.Release|Any CPU.ActiveCfg = Release|Any CPU
		{371E2FF4-3FB7-41D2-88F3-6F06C4C6266A}.Release|Any CPU.Build.0 = Release|Any CPU
		{230E123E-4A7B-4390-B122-6B808E276757}.Debug|Any CPU.ActiveCfg = Debug|Any CPU
		{230E123E-4A7B-4390-B122-6B808E276757}.Debug|Any CPU.Build.0 = Debug|Any CPU
		{230E123E-4A7B-4390-B122-6B808E276757}.Release|Any CPU.ActiveCfg = Release|Any CPU
		{230E123E-4A7B-4390-B122-6B808E276757}.Release|Any CPU.Build.0 = Release|Any CPU
		{41FCCABE-9CDD-4AC9-9042-3F0F0C6272F2}.Debug|Any CPU.ActiveCfg = Debug|Any CPU
		{41FCCABE-9CDD-4AC9-9042-3F0F0C6272F2}.Debug|Any CPU.Build.0 = Debug|Any CPU
		{41FCCABE-9CDD-4AC9-9042-3F0F0C6272F2}.Release|Any CPU.ActiveCfg = Release|Any CPU
		{41FCCABE-9CDD-4AC9-9042-3F0F0C6272F2}.Release|Any CPU.Build.0 = Release|Any CPU
		{A879C8D0-B5E1-462D-A647-1F6FDA458842}.Debug|Any CPU.ActiveCfg = Debug|Any CPU
		{A879C8D0-B5E1-462D-A647-1F6FDA458842}.Debug|Any CPU.Build.0 = Debug|Any CPU
		{A879C8D0-B5E1-462D-A647-1F6FDA458842}.Release|Any CPU.ActiveCfg = Release|Any CPU
		{A879C8D0-B5E1-462D-A647-1F6FDA458842}.Release|Any CPU.Build.0 = Release|Any CPU
	EndGlobalSection
	GlobalSection(SolutionProperties) = preSolution
		HideSolutionNode = FALSE
	EndGlobalSection
	GlobalSection(ExtensibilityGlobals) = postSolution
		SolutionGuid = {BC47B8F2-9FD3-4173-A02B-D5A1EF637E09}
	EndGlobalSection
EndGlobal
